
Microsoft Visual Studio Solution File, Format Version 12.00
# Visual Studio Version 17
VisualStudioVersion = 17.7.34202.233
MinimumVisualStudioVersion = 10.0.40219.1
Project("{8BC9CEB8-8B4A-11D0-8D11-00A0C91BC942}") = "lk数组169", "lk数组169.vcxproj", "{97742FB0-51B9-4458-AA01-A3250A7CF35D}"
EndProject
Global
	GlobalSection(SolutionConfigurationPlatforms) = preSolution
		Debug|x64 = Debug|x64
		Debug|x86 = Debug|x86
		Release|x64 = Release|x64
		Release|x86 = Release|x86
	EndGlobalSection
	GlobalSection(ProjectConfigurationPlatforms) = postSolution
		{97742FB0-51B9-4458-AA01-A3250A7CF35D}.Debug|x64.ActiveCfg = Debug|x64
		{97742FB0-51B9-4458-AA01-A3250A7CF35D}.Debug|x64.Build.0 = Debug|x64
		{97742FB0-51B9-4458-AA01-A3250A7CF35D}.Debug|x86.ActiveCfg = Debug|Win32
		{97742FB0-51B9-4458-AA01-A3250A7CF35D}.Debug|x86.Build.0 = Debug|Win32
		{97742FB0-51B9-4458-AA01-A3250A7CF35D}.Release|x64.ActiveCfg = Release|x64
		{97742FB0-51B9-4458-AA01-A3250A7CF35D}.Release|x64.Build.0 = Release|x64
		{97742FB0-51B9-4458-AA01-A3250A7CF35D}.Release|x86.ActiveCfg = Release|Win32
		{97742FB0-51B9-4458-AA01-A3250A7CF35D}.Release|x86.Build.0 = Release|Win32
	EndGlobalSection
	GlobalSection(SolutionProperties) = preSolution
		HideSolutionNode = FALSE
	EndGlobalSection
	GlobalSection(ExtensibilityGlobals) = postSolution
		SolutionGuid = {1A50302C-4D99-4601-9B5D-9EBB68926579}
	EndGlobalSection
EndGlobal
